
Microsoft Visual Studio Solution File, Format Version 12.00
# Visual Studio Version 16
VisualStudioVersion = 16.0.30406.217
MinimumVisualStudioVersion = 10.0.40219.1
Project("{9A19103F-16F7-4668-BE54-9A1E7A4F7556}") = "Library.Api", "Library\Library.Api.csproj", "{91116AA1-BA22-4ED7-95E5-2088A1E7C873}"
EndProject
Project("{9A19103F-16F7-4668-BE54-9A1E7A4F7556}") = "Library.Models", "Library.Models\Library.Models.csproj", "{BCF3915B-F4FD-45AE-B952-E2132C3275EE}"
EndProject
Global
	GlobalSection(SolutionConfigurationPlatforms) = preSolution
		Debug|Any CPU = Debug|Any CPU
		Release|Any CPU = Release|Any CPU
	EndGlobalSection
	GlobalSection(ProjectConfigurationPlatforms) = postSolution
		{91116AA1-BA22-4ED7-95E5-2088A1E7C873}.Debug|Any CPU.ActiveCfg = Debug|Any CPU
		{91116AA1-BA22-4ED7-95E5-2088A1E7C873}.Debug|Any CPU.Build.0 = Debug|Any CPU
		{91116AA1-BA22-4ED7-95E5-2088A1E7C873}.Release|Any CPU.ActiveCfg = Release|Any CPU
		{91116AA1-BA22-4ED7-95E5-2088A1E7C873}.Release|Any CPU.Build.0 = Release|Any CPU
		{BCF3915B-F4FD-45AE-B952-E2132C3275EE}.Debug|Any CPU.ActiveCfg = Debug|Any CPU
		{BCF3915B-F4FD-45AE-B952-E2132C3275EE}.Debug|Any CPU.Build.0 = Debug|Any CPU
		{BCF3915B-F4FD-45AE-B952-E2132C3275EE}.Release|Any CPU.ActiveCfg = Release|Any CPU
		{BCF3915B-F4FD-45AE-B952-E2132C3275EE}.Release|Any CPU.Build.0 = Release|Any CPU
	EndGlobalSection
	GlobalSection(SolutionProperties) = preSolution
		HideSolutionNode = FALSE
	EndGlobalSection
	GlobalSection(ExtensibilityGlobals) = postSolution
		SolutionGuid = {D2115C0D-AC35-4A13-B7E3-10BEBDB03B30}
	EndGlobalSection
EndGlobal
